
Microsoft Visual Studio Solution File, Format Version 12.00
# Visual Studio 15
VisualStudioVersion = 15.0.28307.572
MinimumVisualStudioVersion = 10.0.40219.1
Project("{FAE04EC0-301F-11D3-BF4B-00C04F79EFBC}") = "LINQ", "LINQ\LINQ.csproj", "{87E2AFDC-843C-4DDB-A460-3F7B8B582C90}"
EndProject
Global
	GlobalSection(SolutionConfigurationPlatforms) = preSolution
		Debug|Any CPU = Debug|Any CPU
		Release|Any CPU = Release|Any CPU
	EndGlobalSection
	GlobalSection(ProjectConfigurationPlatforms) = postSolution
		{87E2AFDC-843C-4DDB-A460-3F7B8B582C90}.Debug|Any CPU.ActiveCfg = Debug|Any CPU
		{87E2AFDC-843C-4DDB-A460-3F7B8B582C90}.Debug|Any CPU.Build.0 = Debug|Any CPU
		{87E2AFDC-843C-4DDB-A460-3F7B8B582C90}.Release|Any CPU.ActiveCfg = Release|Any CPU
		{87E2AFDC-843C-4DDB-A460-3F7B8B582C90}.Release|Any CPU.Build.0 = Release|Any CPU
	EndGlobalSection
	GlobalSection(SolutionProperties) = preSolution
		HideSolutionNode = FALSE
	EndGlobalSection
	GlobalSection(ExtensibilityGlobals) = postSolution
		SolutionGuid = {DD7AAAEA-46F3-40CA-8352-BA675EDA3A0D}
	EndGlobalSection
EndGlobal
